version: 2.0
shards:
  hydra:
    git: https://github.com/ghrind/hydra.git
    version: 0.4.0

  logger:
    git: https://github.com/crystal-lang/logger.cr.git
    version: 0.1.0

  open.cr:
    git: https://github.com/rhysd/open.cr.git
    version: 0.2.0+git.commit.f67605fb7b30cde8a5b8deb8d378b8bf2689ea5a

  termbox:
    git: https://github.com/andrewsuzuki/termbox-crystal.git
    version: 0.1.0+git.commit.9471d1f1852dec251d6bcb6f8a583e7abdf04f68

  textwrap:
    git: https://github.com/dscottboggs/textwrap.git
    version: 0.1.0+git.commit.021d6bbbc71d92317414a253dde306b4d71058b5

  toml:
    git: https://github.com/crystal-community/toml.cr.git
    version: 0.7.0

  xdg_basedir:
    git: https://github.com/shmibs/xdg_basedir.git
    version: 1.0.3

